
Microsoft Visual Studio Solution File, Format Version 12.00
Project("{FAE04EC0-301F-11D3-BF4B-00C04F79EFBC}") = "TestBenchmarkDotNet", "TestBenchmarkDotNet\TestBenchmarkDotNet.csproj", "{F2C5F96F-2CBF-4D1A-BE0F-0D78E5CFCCAE}"
EndProject
Global
	GlobalSection(SolutionConfigurationPlatforms) = preSolution
		Debug|Any CPU = Debug|Any CPU
		Release|Any CPU = Release|Any CPU
	EndGlobalSection
	GlobalSection(ProjectConfigurationPlatforms) = postSolution
		{F2C5F96F-2CBF-4D1A-BE0F-0D78E5CFCCAE}.Debug|Any CPU.ActiveCfg = Debug|Any CPU
		{F2C5F96F-2CBF-4D1A-BE0F-0D78E5CFCCAE}.Debug|Any CPU.Build.0 = Debug|Any CPU
		{F2C5F96F-2CBF-4D1A-BE0F-0D78E5CFCCAE}.Release|Any CPU.ActiveCfg = Release|Any CPU
		{F2C5F96F-2CBF-4D1A-BE0F-0D78E5CFCCAE}.Release|Any CPU.Build.0 = Release|Any CPU
	EndGlobalSection
EndGlobal
